
Microsoft Visual Studio Solution File, Format Version 12.00
# Visual Studio Version 16
VisualStudioVersion = 16.0.29728.190
MinimumVisualStudioVersion = 10.0.40219.1
Project("{FAE04EC0-301F-11D3-BF4B-00C04F79EFBC}") = "Word Unscrambler", "Word Unscrambler.csproj", "{3D87347D-FF7A-46A2-814D-37709C2951C0}"
EndProject
Global
	GlobalSection(SolutionConfigurationPlatforms) = preSolution
		Debug|Any CPU = Debug|Any CPU
		Release|Any CPU = Release|Any CPU
	EndGlobalSection
	GlobalSection(ProjectConfigurationPlatforms) = postSolution
		{3D87347D-FF7A-46A2-814D-37709C2951C0}.Debug|Any CPU.ActiveCfg = Debug|Any CPU
		{3D87347D-FF7A-46A2-814D-37709C2951C0}.Debug|Any CPU.Build.0 = Debug|Any CPU
		{3D87347D-FF7A-46A2-814D-37709C2951C0}.Release|Any CPU.ActiveCfg = Release|Any CPU
		{3D87347D-FF7A-46A2-814D-37709C2951C0}.Release|Any CPU.Build.0 = Release|Any CPU
	EndGlobalSection
	GlobalSection(SolutionProperties) = preSolution
		HideSolutionNode = FALSE
	EndGlobalSection
	GlobalSection(ExtensibilityGlobals) = postSolution
		SolutionGuid = {BC561643-2983-4E0E-A31B-84026789C6C2}
	EndGlobalSection
EndGlobal
